
Microsoft Visual Studio Solution File, Format Version 11.00
# Visual Studio 2010
# SharpDevelop 5.1
Project("{FAE04EC0-301F-11D3-BF4B-00C04F79EFBC}") = "bgd", "bgd\bgd.csproj", "{F5F1B0B3-AD66-40C1-86C3-9C42E44BE68E}"
EndProject
Global
	GlobalSection(SolutionConfigurationPlatforms) = preSolution
		Debug|Any CPU = Debug|Any CPU
		Release|Any CPU = Release|Any CPU
	EndGlobalSection
	GlobalSection(ProjectConfigurationPlatforms) = postSolution
		{F5F1B0B3-AD66-40C1-86C3-9C42E44BE68E}.Debug|Any CPU.ActiveCfg = Release|Any CPU
		{F5F1B0B3-AD66-40C1-86C3-9C42E44BE68E}.Debug|Any CPU.Build.0 = Release|Any CPU
		{F5F1B0B3-AD66-40C1-86C3-9C42E44BE68E}.Release|Any CPU.ActiveCfg = Release|Any CPU
		{F5F1B0B3-AD66-40C1-86C3-9C42E44BE68E}.Release|Any CPU.Build.0 = Release|Any CPU
	EndGlobalSection
EndGlobal
